// !$*UTF8*$!
{
	archiveVersion = 1;
	classes = {
	};
	objectVersion = 51;
	objects = {

/* Begin PBXBuildFile section */
		1A9FE55D24BEF2BF00308703 /* AppDelegate.swift in Sources */ = {isa = PBXBuildFile; fileRef = 1A9FE55C24BEF2BF00308703 /* AppDelegate.swift */; };
		1A9FE56124BEF2BF00308703 /* ViewController.swift in Sources */ = {isa = PBXBuildFile; fileRef = 1A9FE56024BEF2BF00308703 /* ViewController.swift */; };
		1A9FE56424BEF2BF00308703 /* Main.storyboard in Resources */ = {isa = PBXBuildFile; fileRef = 1A9FE56224BEF2BF00308703 /* Main.storyboard */; };
		1A9FE56724BEF2BF00308703 /* AppUpdateChecker.xcdatamodeld in Sources */ = {isa = PBXBuildFile; fileRef = 1A9FE56524BEF2BF00308703 /* AppUpdateChecker.xcdatamodeld */; };
		1A9FE56924BEF2C100308703 /* Assets.xcassets in Resources */ = {isa = PBXBuildFile; fileRef = 1A9FE56824BEF2C100308703 /* Assets.xcassets */; };
		1A9FE56C24BEF2C100308703 /* LaunchScreen.storyboard in Resources */ = {isa = PBXBuildFile; fileRef = 1A9FE56A24BEF2C100308703 /* LaunchScreen.storyboard */; };
		23631926CFC62861EC18AD5E /* Pods_AppUpdateChecker.framework in Frameworks */ = {isa = PBXBuildFile; fileRef = 0373E0F13F9D7D7195034B9C /* Pods_AppUpdateChecker.framework */; };
/* End PBXBuildFile section */

/* Begin PBXFileReference section */
		0373E0F13F9D7D7195034B9C /* Pods_AppUpdateChecker.framework */ = {isa = PBXFileReference; explicitFileType = wrapper.framework; includeInIndex = 0; path = Pods_AppUpdateChecker.framework; sourceTree = BUILT_PRODUCTS_DIR; };
		1A9FE55924BEF2BF00308703 /* AppUpdateChecker.app */ = {isa = PBXFileReference; explicitFileType = wrapper.application; includeInIndex = 0; path = AppUpdateChecker.app; sourceTree = BUILT_PRODUCTS_DIR; };
		1A9FE55C24BEF2BF00308703 /* AppDelegate.swift */ = {isa = PBXFileReference; lastKnownFileType = sourcecode.swift; path = AppDelegate.swift; sourceTree = "<group>"; };
		1A9FE56024BEF2BF00308703 /* ViewController.swift */ = {isa = PBXFileReference; lastKnownFileType = sourcecode.swift; path = ViewController.swift; sourceTree = "<group>"; };
		1A9FE56324BEF2BF00308703 /* Base */ = {isa = PBXFileReference; lastKnownFileType = file.storyboard; name = Base; path = Base.lproj/Main.storyboard; sourceTree = "<group>"; };
		1A9FE56624BEF2BF00308703 /* AppUpdateChecker.xcdatamodel */ = {isa = PBXFileReference; lastKnownFileType = wrapper.xcdatamodel; path = AppUpdateChecker.xcdatamodel; sourceTree = "<group>"; };
		1A9FE56824BEF2C100308703 /* Assets.xcassets */ = {isa = PBXFileReference; lastKnownFileType = folder.assetcatalog; path = Assets.xcassets; sourceTree = "<group>"; };
		1A9FE56B24BEF2C100308703 /* Base */ = {isa = PBXFileReference; lastKnownFileType = file.storyboard; name = Base; path = Base.lproj/LaunchScreen.storyboard; sourceTree = "<group>"; };
		1A9FE56D24BEF2C100308703 /* Info.plist */ = {isa = PBXFileReference; lastKnownFileType = text.plist.xml; path = Info.plist; sourceTree = "<group>"; };
		3D0FDFB0A14A69CF8A2C716A /* Pods-AppUpdateChecker.debug.xcconfig */ = {isa = PBXFileReference; includeInIndex = 1; lastKnownFileType = text.xcconfig; name = "Pods-AppUpdateChecker.debug.xcconfig"; path = "Target Support Files/Pods-AppUpdateChecker/Pods-AppUpdateChecker.debug.xcconfig"; sourceTree = "<group>"; };
		5AD2819E4CC40DDA00427724 /* Pods-AppUpdateChecker.release.xcconfig */ = {isa = PBXFileReference; includeInIndex = 1; lastKnownFileType = text.xcconfig; name = "Pods-AppUpdateChecker.release.xcconfig"; path = "Target Support Files/Pods-AppUpdateChecker/Pods-AppUpdateChecker.release.xcconfig"; sourceTree = "<group>"; };
/* End PBXFileReference section */

/* Begin PBXFrameworksBuildPhase section */
		1A9FE55624BEF2BF00308703 /* Frameworks */ = {
			isa = PBXFrameworksBuildPhase;
			buildActionMask = 2147483647;
			files = (
				23631926CFC62861EC18AD5E /* Pods_AppUpdateChecker.framework in Frameworks */,
			);
			runOnlyForDeploymentPostprocessing = 0;
		};
/* End PBXFrameworksBuildPhase section */

/* Begin PBXGroup section */
		14F3F0F831DB177A9807FA94 /* Frameworks */ = {
			isa = PBXGroup;
			children = (
				0373E0F13F9D7D7195034B9C /* Pods_AppUpdateChecker.framework */,
			);
			name = Frameworks;
			sourceTree = "<group>";
		};
		1A9FE55024BEF2BF00308703 = {
			isa = PBXGroup;
			children = (
				1A9FE55B24BEF2BF00308703 /* AppUpdateChecker */,
				1A9FE55A24BEF2BF00308703 /* Products */,
				DFB8D9056FE8F81A4A57EE29 /* Pods */,
				14F3F0F831DB177A9807FA94 /* Frameworks */,
			);
			sourceTree = "<group>";
		};
		1A9FE55A24BEF2BF00308703 /* Products */ = {
			isa = PBXGroup;
			children = (
				1A9FE55924BEF2BF00308703 /* AppUpdateChecker.app */,
			);
			name = Products;
			sourceTree = "<group>";
		};
		1A9FE55B24BEF2BF00308703 /* AppUpdateChecker */ = {
			isa = PBXGroup;
			children = (
				1A9FE55C24BEF2BF00308703 /* AppDelegate.swift */,
				1A9FE56024BEF2BF00308703 /* ViewController.swift */,
				1A9FE56224BEF2BF00308703 /* Main.storyboard */,
				1A9FE56824BEF2C100308703 /* Assets.xcassets */,
				1A9FE56A24BEF2C100308703 /* LaunchScreen.storyboard */,
				1A9FE56D24BEF2C100308703 /* Info.plist */,
				1A9FE56524BEF2BF00308703 /* AppUpdateChecker.xcdatamodeld */,
			);
			path = AppUpdateChecker;
			sourceTree = "<group>";
		};
		DFB8D9056FE8F81A4A57EE29 /* Pods */ = {
			isa = PBXGroup;
			children = (
				3D0FDFB0A14A69CF8A2C716A /* Pods-AppUpdateChecker.debug.xcconfig */,
				5AD2819E4CC40DDA00427724 /* Pods-AppUpdateChecker.release.xcconfig */,
			);
			path = Pods;
			sourceTree = "<group>";
		};
/* End PBXGroup section */

/* Begin PBXNativeTarget section */
		1A9FE55824BEF2BF00308703 /* AppUpdateChecker */ = {
			isa = PBXNativeTarget;
			buildConfigurationList = 1A9FE57024BEF2C100308703 /* Build configuration list for PBXNativeTarget "AppUpdateChecker" */;
			buildPhases = (
				6A743DD1C472BDE90CF22519 /* [CP] Check Pods Manifest.lock */,
				1A9FE55524BEF2BF00308703 /* Sources */,
				1A9FE55624BEF2BF00308703 /* Frameworks */,
				1A9FE55724BEF2BF00308703 /* Resources */,
				BE79018B6E1066A3296C510B /* [CP] Embed Pods Frameworks */,
			);
			buildRules = (
			);
			dependencies = (
			);
			name = AppUpdateChecker;
			productName = AppUpdateChecker;
			productReference = 1A9FE55924BEF2BF00308703 /* AppUpdateChecker.app */;
			productType = "com.apple.product-type.application";
		};
/* End PBXNativeTarget section */

/* Begin PBXProject section */
		1A9FE55124BEF2BF00308703 /* Project object */ = {
			isa = PBXProject;
			attributes = {
				LastSwiftUpdateCheck = 1150;
				LastUpgradeCheck = 1150;
				ORGANIZATIONNAME = "Jayesh Mardiya";
				TargetAttributes = {
					1A9FE55824BEF2BF00308703 = {
						CreatedOnToolsVersion = 11.5;
					};
				};
			};
			buildConfigurationList = 1A9FE55424BEF2BF00308703 /* Build configuration list for PBXProject "AppUpdateChecker" */;
			compatibilityVersion = "Xcode 9.3";
			developmentRegion = en;
			hasScannedForEncodings = 0;
			knownRegions = (
				en,
				Base,
			);
			mainGroup = 1A9FE55024BEF2BF00308703;
			productRefGroup = 1A9FE55A24BEF2BF00308703 /* Products */;
			projectDirPath = "";
			projectRoot = "";
			targets = (
				1A9FE55824BEF2BF00308703 /* AppUpdateChecker */,
			);
		};
/* End PBXProject section */

/* Begin PBXResourcesBuildPhase section */
		1A9FE55724BEF2BF00308703 /* Resources */ = {
			isa = PBXResourcesBuildPhase;
			buildActionMask = 2147483647;
			files = (
				1A9FE56C24BEF2C100308703 /* LaunchScreen.storyboard in Resources */,
				1A9FE56924BEF2C100308703 /* Assets.xcassets in Resources */,
				1A9FE56424BEF2BF00308703 /* Main.storyboard in Resources */,
			);
			runOnlyForDeploymentPostprocessing = 0;
		};
/* End PBXResourcesBuildPhase section */

/* Begin PBXShellScriptBuildPhase section */
		6A743DD1C472BDE90CF22519 /* [CP] Check Pods Manifest.lock */ = {
			isa = PBXShellScriptBuildPhase;
			buildActionMask = 2147483647;
			files = (
			);
			inputFileListPaths = (
			);
			inputPaths = (
				"${PODS_PODFILE_DIR_PATH}/Podfile.lock",
				"${PODS_ROOT}/Manifest.lock",
			);
			name = "[CP] Check Pods Manifest.lock";
			outputFileListPaths = (
			);
			outputPaths = (
				"$(DERIVED_FILE_DIR)/Pods-AppUpdateChecker-checkManifestLockResult.txt",
			);
			runOnlyForDeploymentPostprocessing = 0;
			shellPath = /bin/sh;
			shellScript = "diff \"${PODS_PODFILE_DIR_PATH}/Podfile.lock\" \"${PODS_ROOT}/Manifest.lock\" > /dev/null\nif [ $? != 0 ] ; then\n    # print error to STDERR\n    echo \"error: The sandbox is not in sync with the Podfile.lock. Run 'pod install' or update your CocoaPods installation.\" >&2\n    exit 1\nfi\n# This output is used by Xcode 'outputs' to avoid re-running this script phase.\necho \"SUCCESS\" > \"${SCRIPT_OUTPUT_FILE_0}\"\n";
			showEnvVarsInLog = 0;
		};
		BE79018B6E1066A3296C510B /* [CP] Embed Pods Frameworks */ = {
			isa = PBXShellScriptBuildPhase;
			buildActionMask = 2147483647;
			files = (
			);
			inputFileListPaths = (
				"${PODS_ROOT}/Target Support Files/Pods-AppUpdateChecker/Pods-AppUpdateChecker-frameworks-${CONFIGURATION}-input-files.xcfilelist",
			);
			name = "[CP] Embed Pods Frameworks";
			outputFileListPaths = (
				"${PODS_ROOT}/Target Support Files/Pods-AppUpdateChecker/Pods-AppUpdateChecker-frameworks-${CONFIGURATION}-output-files.xcfilelist",
			);
			runOnlyForDeploymentPostprocessing = 0;
			shellPath = /bin/sh;
			shellScript = "\"${PODS_ROOT}/Target Support Files/Pods-AppUpdateChecker/Pods-AppUpdateChecker-frameworks.sh\"\n";
			showEnvVarsInLog = 0;
		};
/* End PBXShellScriptBuildPhase section */

/* Begin PBXSourcesBuildPhase section */
		1A9FE55524BEF2BF00308703 /* Sources */ = {
			isa = PBXSourcesBuildPhase;
			buildActionMask = 2147483647;
			files = (
				1A9FE56124BEF2BF00308703 /* ViewController.swift in Sources */,
				1A9FE55D24BEF2BF00308703 /* AppDelegate.swift in Sources */,
				1A9FE56724BEF2BF00308703 /* AppUpdateChecker.xcdatamodeld in Sources */,
			);
			runOnlyForDeploymentPostprocessing = 0;
		};
/* End PBXSourcesBuildPhase section */

/* Begin PBXVariantGroup section */
		1A9FE56224BEF2BF00308703 /* Main.storyboard */ = {
			isa = PBXVariantGroup;
			children = (
				1A9FE56324BEF2BF00308703 /* Base */,
			);
			name = Main.storyboard;
			sourceTree = "<group>";
		};
		1A9FE56A24BEF2C100308703 /* LaunchScreen.storyboard */ = {
			isa = PBXVariantGroup;
			children = (
				1A9FE56B24BEF2C100308703 /* Base */,
			);
			name = LaunchScreen.storyboard;
			sourceTree = "<group>";
		};
/* End PBXVariantGroup section */

/* Begin XCBuildConfiguration section */
		1A9FE56E24BEF2C100308703 /* Debug */ = {
			isa = XCBuildConfiguration;
			buildSettings = {
				ALWAYS_SEARCH_USER_PATHS = NO;
				CLANG_ANALYZER_NONNULL = YES;
				CLANG_ANALYZER_NUMBER_OBJECT_CONVERSION = YES_AGGRESSIVE;
				CLANG_CXX_LANGUAGE_STANDARD = "gnu++14";
				CLANG_CXX_LIBRARY = "libc++";
				CLANG_ENABLE_MODULES = YES;
				CLANG_ENABLE_OBJC_ARC = YES;
				CLANG_ENABLE_OBJC_WEAK = YES;
				CLANG_WARN_BLOCK_CAPTURE_AUTORELEASING = YES;
				CLANG_WARN_BOOL_CONVERSION = YES;
				CLANG_WARN_COMMA = YES;
				CLANG_WARN_CONSTANT_CONVERSION = YES;
				CLANG_WARN_DEPRECATED_OBJC_IMPLEMENTATIONS = YES;
				CLANG_WARN_DIRECT_OBJC_ISA_USAGE = YES_ERROR;
				CLANG_WARN_DOCUMENTATION_COMMENTS = YES;
				CLANG_WARN_EMPTY_BODY = YES;
				CLANG_WARN_ENUM_CONVERSION = YES;
				CLANG_WARN_INFINITE_RECURSION = YES;
				CLANG_WARN_INT_CONVERSION = YES;
				CLANG_WARN_NON_LITERAL_NULL_CONVERSION = YES;
				CLANG_WARN_OBJC_IMPLICIT_RETAIN_SELF = YES;
				CLANG_WARN_OBJC_LITERAL_CONVERSION = YES;
				CLANG_WARN_OBJC_ROOT_CLASS = YES_ERROR;
				CLANG_WARN_RANGE_LOOP_ANALYSIS = YES;
				CLANG_WARN_STRICT_PROTOTYPES = YES;
				CLANG_WARN_SUSPICIOUS_MOVE = YES;
				CLANG_WARN_UNGUARDED_AVAILABILITY = YES_AGGRESSIVE;
				CLANG_WARN_UNREACHABLE_CODE = YES;
				CLANG_WARN__DUPLICATE_METHOD_MATCH = YES;
				COPY_PHASE_STRIP = NO;
				DEBUG_INFORMATION_FORMAT = dwarf;
				ENABLE_STRICT_OBJC_MSGSEND = YES;
				ENABLE_TESTABILITY = YES;
				GCC_C_LANGUAGE_STANDARD = gnu11;
				GCC_DYNAMIC_NO_PIC = NO;
				GCC_NO_COMMON_BLOCKS = YES;
				GCC_OPTIMIZATION_LEVEL = 0;
				GCC_PREPROCESSOR_DEFINITIONS = (
					"DEBUG=1",
					"$(inherited)",
				);
				GCC_WARN_64_TO_32_BIT_CONVERSION = YES;
				GCC_WARN_ABOUT_RETURN_TYPE = YES_ERROR;
				GCC_WARN_UNDECLARED_SELECTOR = YES;
				GCC_WARN_UNINITIALIZED_AUTOS = YES_AGGRESSIVE;
				GCC_WARN_UNUSED_FUNCTION = YES;
				GCC_WARN_UNUSED_VARIABLE = YES;
				IPHONEOS_DEPLOYMENT_TARGET = 13.5;
				MTL_ENABLE_DEBUG_INFO = INCLUDE_SOURCE;
				MTL_FAST_MATH = YES;
				ONLY_ACTIVE_ARCH = YES;
				SDKROOT = iphoneos;
				SWIFT_ACTIVE_COMPILATION_CONDITIONS = DEBUG;
				SWIFT_OPTIMIZATION_LEVEL = "-Onone";
			};
			name = Debug;
		};
		1A9FE56F24BEF2C100308703 /* Release */ = {
			isa = XCBuildConfiguration;
			buildSettings = {
				ALWAYS_SEARCH_USER_PATHS = NO;
				CLANG_ANALYZER_NONNULL = YES;
				CLANG_ANALYZER_NUMBER_OBJECT_CONVERSION = YES_AGGRESSIVE;
				CLANG_CXX_LANGUAGE_STANDARD = "gnu++14";
				CLANG_CXX_LIBRARY = "libc++";
				CLANG_ENABLE_MODULES = YES;
				CLANG_ENABLE_OBJC_ARC = YES;
				CLANG_ENABLE_OBJC_WEAK = YES;
				CLANG_WARN_BLOCK_CAPTURE_AUTORELEASING = YES;
				CLANG_WARN_BOOL_CONVERSION = YES;
				CLANG_WARN_COMMA = YES;
				CLANG_WARN_CONSTANT_CONVERSION = YES;
				CLANG_WARN_DEPRECATED_OBJC_IMPLEMENTATIONS = YES;
				CLANG_WARN_DIRECT_OBJC_ISA_USAGE = YES_ERROR;
				CLANG_WARN_DOCUMENTATION_COMMENTS = YES;
				CLANG_WARN_EMPTY_BODY = YES;
				CLANG_WARN_ENUM_CONVERSION = YES;
				CLANG_WARN_INFINITE_RECURSION = YES;
				CLANG_WARN_INT_CONVERSION = YES;
				CLANG_WARN_NON_LITERAL_NULL_CONVERSION = YES;
				CLANG_WARN_OBJC_IMPLICIT_RETAIN_SELF = YES;
				CLANG_WARN_OBJC_LITERAL_CONVERSION = YES;
				CLANG_WARN_OBJC_ROOT_CLASS = YES_ERROR;
				CLANG_WARN_RANGE_LOOP_ANALYSIS = YES;
				CLANG_WARN_STRICT_PROTOTYPES = YES;
				CLANG_WARN_SUSPICIOUS_MOVE = YES;
				CLANG_WARN_UNGUARDED_AVAILABILITY = YES_AGGRESSIVE;
				CLANG_WARN_UNREACHABLE_CODE = YES;
				CLANG_WARN__DUPLICATE_METHOD_MATCH = YES;
				COPY_PHASE_STRIP = NO;
				DEBUG_INFORMATION_FORMAT = "dwarf-with-dsym";
				ENABLE_NS_ASSERTIONS = NO;
				ENABLE_STRICT_OBJC_MSGSEND = YES;
				GCC_C_LANGUAGE_STANDARD = gnu11;
				GCC_NO_COMMON_BLOCKS = YES;
				GCC_WARN_64_TO_32_BIT_CONVERSION = YES;
				GCC_WARN_ABOUT_RETURN_TYPE = YES_ERROR;
				GCC_WARN_UNDECLARED_SELECTOR = YES;
				GCC_WARN_UNINITIALIZED_AUTOS = YES_AGGRESSIVE;
				GCC_WARN_UNUSED_FUNCTION = YES;
				GCC_WARN_UNUSED_VARIABLE = YES;
				IPHONEOS_DEPLOYMENT_TARGET = 13.5;
				MTL_ENABLE_DEBUG_INFO = NO;
				MTL_FAST_MATH = YES;
				SDKROOT = iphoneos;
				SWIFT_COMPILATION_MODE = wholemodule;
				SWIFT_OPTIMIZATION_LEVEL = "-O";
				VALIDATE_PRODUCT = YES;
			};
			name = Release;
		};
		1A9FE57124BEF2C100308703 /* Debug */ = {
			isa = XCBuildConfiguration;
			baseConfigurationReference = 3D0FDFB0A14A69CF8A2C716A /* Pods-AppUpdateChecker.debug.xcconfig */;
			buildSettings = {
				ASSETCATALOG_COMPILER_APPICON_NAME = AppIcon;
				CODE_SIGN_STYLE = Automatic;
				DEVELOPMENT_TEAM = 5X2Z273F8A;
				INFOPLIST_FILE = AppUpdateChecker/Info.plist;
				LD_RUNPATH_SEARCH_PATHS = (
					"$(inherited)",
					"@executable_path/Frameworks",
				);
				PRODUCT_BUNDLE_IDENTIFIER = com.AppUpdateChecker;
				PRODUCT_NAME = "$(TARGET_NAME)";
				SWIFT_VERSION = 5.0;
				TARGETED_DEVICE_FAMILY = "1,2";
			};
			name = Debug;
		};
		1A9FE57224BEF2C100308703 /* Release */ = {
			isa = XCBuildConfiguration;
			baseConfigurationReference = 5AD2819E4CC40DDA00427724 /* Pods-AppUpdateChecker.release.xcconfig */;
			buildSettings = {
				ASSETCATALOG_COMPILER_APPICON_NAME = AppIcon;
				CODE_SIGN_STYLE = Automatic;
				DEVELOPMENT_TEAM = 5X2Z273F8A;
				INFOPLIST_FILE = AppUpdateChecker/Info.plist;
				LD_RUNPATH_SEARCH_PATHS = (
					"$(inherited)",
					"@executable_path/Frameworks",
				);
				PRODUCT_BUNDLE_IDENTIFIER = com.AppUpdateChecker;
				PRODUCT_NAME = "$(TARGET_NAME)";
				SWIFT_VERSION = 5.0;
				TARGETED_DEVICE_FAMILY = "1,2";
			};
			name = Release;
		};
/* End XCBuildConfiguration section */

/* Begin XCConfigurationList section */
		1A9FE55424BEF2BF00308703 /* Build configuration list for PBXProject "AppUpdateChecker" */ = {
			isa = XCConfigurationList;
			buildConfigurations = (
				1A9FE56E24BEF2C100308703 /* Debug */,
				1A9FE56F24BEF2C100308703 /* Release */,
			);
			defaultConfigurationIsVisible = 0;
			defaultConfigurationName = Release;
		};
		1A9FE57024BEF2C100308703 /* Build configuration list for PBXNativeTarget "AppUpdateChecker" */ = {
			isa = XCConfigurationList;
			buildConfigurations = (
				1A9FE57124BEF2C100308703 /* Debug */,
				1A9FE57224BEF2C100308703 /* Release */,
			);
			defaultConfigurationIsVisible = 0;
			defaultConfigurationName = Release;
		};
/* End XCConfigurationList section */

/* Begin XCVersionGroup section */
		1A9FE56524BEF2BF00308703 /* AppUpdateChecker.xcdatamodeld */ = {
			isa = XCVersionGroup;
			children = (
				1A9FE56624BEF2BF00308703 /* AppUpdateChecker.xcdatamodel */,
			);
			currentVersion = 1A9FE56624BEF2BF00308703 /* AppUpdateChecker.xcdatamodel */;
			path = AppUpdateChecker.xcdatamodeld;
			sourceTree = "<group>";
			versionGroupType = wrapper.xcdatamodel;
		};
/* End XCVersionGroup section */
	};
	rootObject = 1A9FE55124BEF2BF00308703 /* Project object */;
}
